
Microsoft Visual Studio Solution File, Format Version 12.00
# Visual Studio 14
VisualStudioVersion = 14.0.25420.1
MinimumVisualStudioVersion = 10.0.40219.1
Project("{2150E333-8FDC-42A3-9474-1A3956D46DE8}") = "src", "src", "{6A31B641-7488-40D5-9968-03A0A4EFCD33}"
EndProject
Project("{2150E333-8FDC-42A3-9474-1A3956D46DE8}") = "Solution Items", "Solution Items", "{7E1DA51B-BA7C-4000-8399-B2BCAE28E863}"
	ProjectSection(SolutionItems) = preProject
		global.json = global.json
	EndProjectSection
EndProject
Project("{8BB2217D-0F2D-49D1-97BC-3654ED321F3B}") = "AngularCRUD", "src\AngularCRUD\AngularCRUD.xproj", "{B69BDCDF-9FFB-4C3E-818F-477D5A7E8A44}"
EndProject
Global
	GlobalSection(SolutionConfigurationPlatforms) = preSolution
		Debug|Any CPU = Debug|Any CPU
		Release|Any CPU = Release|Any CPU
	EndGlobalSection
	GlobalSection(ProjectConfigurationPlatforms) = postSolution
		{B69BDCDF-9FFB-4C3E-818F-477D5A7E8A44}.Debug|Any CPU.ActiveCfg = Debug|Any CPU
		{B69BDCDF-9FFB-4C3E-818F-477D5A7E8A44}.Debug|Any CPU.Build.0 = Debug|Any CPU
		{B69BDCDF-9FFB-4C3E-818F-477D5A7E8A44}.Release|Any CPU.ActiveCfg = Release|Any CPU
		{B69BDCDF-9FFB-4C3E-818F-477D5A7E8A44}.Release|Any CPU.Build.0 = Release|Any CPU
	EndGlobalSection
	GlobalSection(SolutionProperties) = preSolution
		HideSolutionNode = FALSE
	EndGlobalSection
	GlobalSection(NestedProjects) = preSolution
		{B69BDCDF-9FFB-4C3E-818F-477D5A7E8A44} = {6A31B641-7488-40D5-9968-03A0A4EFCD33}
	EndGlobalSection
EndGlobal
